// !$*UTF8*$!
{
	archiveVersion = 1;
	classes = {
	};
	objectVersion = 48;
	objects = {

/* Begin PBXBuildFile section */
		21FDC1E4204D462E00A015EB /* AppDelegate.swift in Sources */ = {isa = PBXBuildFile; fileRef = 21FDC1E3204D462E00A015EB /* AppDelegate.swift */; };
		21FDC1E6204D462E00A015EB /* ViewController.swift in Sources */ = {isa = PBXBuildFile; fileRef = 21FDC1E5204D462E00A015EB /* ViewController.swift */; };
		21FDC1E9204D462F00A015EB /* Main.storyboard in Resources */ = {isa = PBXBuildFile; fileRef = 21FDC1E7204D462F00A015EB /* Main.storyboard */; };
		21FDC1EB204D462F00A015EB /* Assets.xcassets in Resources */ = {isa = PBXBuildFile; fileRef = 21FDC1EA204D462F00A015EB /* Assets.xcassets */; };
		21FDC1EE204D462F00A015EB /* LaunchScreen.storyboard in Resources */ = {isa = PBXBuildFile; fileRef = 21FDC1EC204D462F00A015EB /* LaunchScreen.storyboard */; };
/* End PBXBuildFile section */

/* Begin PBXFileReference section */
		21FDC1E0204D462D00A015EB /* dragToDeleteCan.app */ = {isa = PBXFileReference; explicitFileType = wrapper.application; includeInIndex = 0; path = dragToDeleteCan.app; sourceTree = BUILT_PRODUCTS_DIR; };
		21FDC1E3204D462E00A015EB /* AppDelegate.swift */ = {isa = PBXFileReference; lastKnownFileType = sourcecode.swift; path = AppDelegate.swift; sourceTree = "<group>"; };
		21FDC1E5204D462E00A015EB /* ViewController.swift */ = {isa = PBXFileReference; lastKnownFileType = sourcecode.swift; path = ViewController.swift; sourceTree = "<group>"; };
		21FDC1E8204D462F00A015EB /* Base */ = {isa = PBXFileReference; lastKnownFileType = file.storyboard; name = Base; path = Base.lproj/Main.storyboard; sourceTree = "<group>"; };
		21FDC1EA204D462F00A015EB /* Assets.xcassets */ = {isa = PBXFileReference; lastKnownFileType = folder.assetcatalog; path = Assets.xcassets; sourceTree = "<group>"; };
		21FDC1ED204D462F00A015EB /* Base */ = {isa = PBXFileReference; lastKnownFileType = file.storyboard; name = Base; path = Base.lproj/LaunchScreen.storyboard; sourceTree = "<group>"; };
		21FDC1EF204D462F00A015EB /* Info.plist */ = {isa = PBXFileReference; lastKnownFileType = text.plist.xml; path = Info.plist; sourceTree = "<group>"; };
/* End PBXFileReference section */

/* Begin PBXFrameworksBuildPhase section */
		21FDC1DD204D462D00A015EB /* Frameworks */ = {
			isa = PBXFrameworksBuildPhase;
			buildActionMask = 2147483647;
			files = (
			);
			runOnlyForDeploymentPostprocessing = 0;
		};
/* End PBXFrameworksBuildPhase section */

/* Begin PBXGroup section */
		21FDC1D7204D462C00A015EB = {
			isa = PBXGroup;
			children = (
				21FDC1E2204D462D00A015EB /* dragToDeleteCan */,
				21FDC1E1204D462D00A015EB /* Products */,
			);
			sourceTree = "<group>";
		};
		21FDC1E1204D462D00A015EB /* Products */ = {
			isa = PBXGroup;
			children = (
				21FDC1E0204D462D00A015EB /* dragToDeleteCan.app */,
			);
			name = Products;
			sourceTree = "<group>";
		};
		21FDC1E2204D462D00A015EB /* dragToDeleteCan */ = {
			isa = PBXGroup;
			children = (
				21FDC1E3204D462E00A015EB /* AppDelegate.swift */,
				21FDC1E5204D462E00A015EB /* ViewController.swift */,
				21FDC1E7204D462F00A015EB /* Main.storyboard */,
				21FDC1EA204D462F00A015EB /* Assets.xcassets */,
				21FDC1EC204D462F00A015EB /* LaunchScreen.storyboard */,
				21FDC1EF204D462F00A015EB /* Info.plist */,
			);
			path = dragToDeleteCan;
			sourceTree = "<group>";
		};
/* End PBXGroup section */

/* Begin PBXNativeTarget section */
		21FDC1DF204D462D00A015EB /* dragToDeleteCan */ = {
			isa = PBXNativeTarget;
			buildConfigurationList = 21FDC1F2204D462F00A015EB /* Build configuration list for PBXNativeTarget "dragToDeleteCan" */;
			buildPhases = (
				21FDC1DC204D462D00A015EB /* Sources */,
				21FDC1DD204D462D00A015EB /* Frameworks */,
				21FDC1DE204D462D00A015EB /* Resources */,
			);
			buildRules = (
			);
			dependencies = (
			);
			name = dragToDeleteCan;
			productName = dragToDeleteCan;
			productReference = 21FDC1E0204D462D00A015EB /* dragToDeleteCan.app */;
			productType = "com.apple.product-type.application";
		};
/* End PBXNativeTarget section */

/* Begin PBXProject section */
		21FDC1D8204D462C00A015EB /* Project object */ = {
			isa = PBXProject;
			attributes = {
				LastSwiftUpdateCheck = 0920;
				LastUpgradeCheck = 0920;
				ORGANIZATIONNAME = "Ahmed Eid";
				TargetAttributes = {
					21FDC1DF204D462D00A015EB = {
						CreatedOnToolsVersion = 9.2;
						ProvisioningStyle = Automatic;
					};
				};
			};
			buildConfigurationList = 21FDC1DB204D462C00A015EB /* Build configuration list for PBXProject "dragToDeleteCan" */;
			compatibilityVersion = "Xcode 8.0";
			developmentRegion = en;
			hasScannedForEncodings = 0;
			knownRegions = (
				en,
				Base,
			);
			mainGroup = 21FDC1D7204D462C00A015EB;
			productRefGroup = 21FDC1E1204D462D00A015EB /* Products */;
			projectDirPath = "";
			projectRoot = "";
			targets = (
				21FDC1DF204D462D00A015EB /* dragToDeleteCan */,
			);
		};
/* End PBXProject section */

/* Begin PBXResourcesBuildPhase section */
		21FDC1DE204D462D00A015EB /* Resources */ = {
			isa = PBXResourcesBuildPhase;
			buildActionMask = 2147483647;
			files = (
				21FDC1EE204D462F00A015EB /* LaunchScreen.storyboard in Resources */,
				21FDC1EB204D462F00A015EB /* Assets.xcassets in Resources */,
				21FDC1E9204D462F00A015EB /* Main.storyboard in Resources */,
			);
			runOnlyForDeploymentPostprocessing = 0;
		};
/* End PBXResourcesBuildPhase section */

/* Begin PBXSourcesBuildPhase section */
		21FDC1DC204D462D00A015EB /* Sources */ = {
			isa = PBXSourcesBuildPhase;
			buildActionMask = 2147483647;
			files = (
				21FDC1E6204D462E00A015EB /* ViewController.swift in Sources */,
				21FDC1E4204D462E00A015EB /* AppDelegate.swift in Sources */,
			);
			runOnlyForDeploymentPostprocessing = 0;
		};
/* End PBXSourcesBuildPhase section */

/* Begin PBXVariantGroup section */
		21FDC1E7204D462F00A015EB /* Main.storyboard */ = {
			isa = PBXVariantGroup;
			children = (
				21FDC1E8204D462F00A015EB /* Base */,
			);
			name = Main.storyboard;
			sourceTree = "<group>";
		};
		21FDC1EC204D462F00A015EB /* LaunchScreen.storyboard */ = {
			isa = PBXVariantGroup;
			children = (
				21FDC1ED204D462F00A015EB /* Base */,
			);
			name = LaunchScreen.storyboard;
			sourceTree = "<group>";
		};
/* End PBXVariantGroup section */

/* Begin XCBuildConfiguration section */
		21FDC1F0204D462F00A015EB /* Debug */ = {
			isa = XCBuildConfiguration;
			buildSettings = {
				ALWAYS_SEARCH_USER_PATHS = NO;
				CLANG_ANALYZER_NONNULL = YES;
				CLANG_ANALYZER_NUMBER_OBJECT_CONVERSION = YES_AGGRESSIVE;
				CLANG_CXX_LANGUAGE_STANDARD = "gnu++14";
				CLANG_CXX_LIBRARY = "libc++";
				CLANG_ENABLE_MODULES = YES;
				CLANG_ENABLE_OBJC_ARC = YES;
				CLANG_WARN_BLOCK_CAPTURE_AUTORELEASING = YES;
				CLANG_WARN_BOOL_CONVERSION = YES;
				CLANG_WARN_COMMA = YES;
				CLANG_WARN_CONSTANT_CONVERSION = YES;
				CLANG_WARN_DIRECT_OBJC_ISA_USAGE = YES_ERROR;
				CLANG_WARN_DOCUMENTATION_COMMENTS = YES;
				CLANG_WARN_EMPTY_BODY = YES;
				CLANG_WARN_ENUM_CONVERSION = YES;
				CLANG_WARN_INFINITE_RECURSION = YES;
				CLANG_WARN_INT_CONVERSION = YES;
				CLANG_WARN_NON_LITERAL_NULL_CONVERSION = YES;
				CLANG_WARN_OBJC_LITERAL_CONVERSION = YES;
				CLANG_WARN_OBJC_ROOT_CLASS = YES_ERROR;
				CLANG_WARN_RANGE_LOOP_ANALYSIS = YES;
				CLANG_WARN_STRICT_PROTOTYPES = YES;
				CLANG_WARN_SUSPICIOUS_MOVE = YES;
				CLANG_WARN_UNGUARDED_AVAILABILITY = YES_AGGRESSIVE;
				CLANG_WARN_UNREACHABLE_CODE = YES;
				CLANG_WARN__DUPLICATE_METHOD_MATCH = YES;
				CODE_SIGN_IDENTITY = "iPhone Developer";
				COPY_PHASE_STRIP = NO;
				DEBUG_INFORMATION_FORMAT = dwarf;
				ENABLE_STRICT_OBJC_MSGSEND = YES;
				ENABLE_TESTABILITY = YES;
				GCC_C_LANGUAGE_STANDARD = gnu11;
				GCC_DYNAMIC_NO_PIC = NO;
				GCC_NO_COMMON_BLOCKS = YES;
				GCC_OPTIMIZATION_LEVEL = 0;
				GCC_PREPROCESSOR_DEFINITIONS = (
					"DEBUG=1",
					"$(inherited)",
				);
				GCC_WARN_64_TO_32_BIT_CONVERSION = YES;
				GCC_WARN_ABOUT_RETURN_TYPE = YES_ERROR;
				GCC_WARN_UNDECLARED_SELECTOR = YES;
				GCC_WARN_UNINITIALIZED_AUTOS = YES_AGGRESSIVE;
				GCC_WARN_UNUSED_FUNCTION = YES;
				GCC_WARN_UNUSED_VARIABLE = YES;
				IPHONEOS_DEPLOYMENT_TARGET = 11.2;
				MTL_ENABLE_DEBUG_INFO = YES;
				ONLY_ACTIVE_ARCH = YES;
				SDKROOT = iphoneos;
				SWIFT_ACTIVE_COMPILATION_CONDITIONS = DEBUG;
				SWIFT_OPTIMIZATION_LEVEL = "-Onone";
			};
			name = Debug;
		};
		21FDC1F1204D462F00A015EB /* Release */ = {
			isa = XCBuildConfiguration;
			buildSettings = {
				ALWAYS_SEARCH_USER_PATHS = NO;
				CLANG_ANALYZER_NONNULL = YES;
				CLANG_ANALYZER_NUMBER_OBJECT_CONVERSION = YES_AGGRESSIVE;
				CLANG_CXX_LANGUAGE_STANDARD = "gnu++14";
				CLANG_CXX_LIBRARY = "libc++";
				CLANG_ENABLE_MODULES = YES;
				CLANG_ENABLE_OBJC_ARC = YES;
				CLANG_WARN_BLOCK_CAPTURE_AUTORELEASING = YES;
				CLANG_WARN_BOOL_CONVERSION = YES;
				CLANG_WARN_COMMA = YES;
				CLANG_WARN_CONSTANT_CONVERSION = YES;
				CLANG_WARN_DIRECT_OBJC_ISA_USAGE = YES_ERROR;
				CLANG_WARN_DOCUMENTATION_COMMENTS = YES;
				CLANG_WARN_EMPTY_BODY = YES;
				CLANG_WARN_ENUM_CONVERSION = YES;
				CLANG_WARN_INFINITE_RECURSION = YES;
				CLANG_WARN_INT_CONVERSION = YES;
				CLANG_WARN_NON_LITERAL_NULL_CONVERSION = YES;
				CLANG_WARN_OBJC_LITERAL_CONVERSION = YES;
				CLANG_WARN_OBJC_ROOT_CLASS = YES_ERROR;
				CLANG_WARN_RANGE_LOOP_ANALYSIS = YES;
				CLANG_WARN_STRICT_PROTOTYPES = YES;
				CLANG_WARN_SUSPICIOUS_MOVE = YES;
				CLANG_WARN_UNGUARDED_AVAILABILITY = YES_AGGRESSIVE;
				CLANG_WARN_UNREACHABLE_CODE = YES;
				CLANG_WARN__DUPLICATE_METHOD_MATCH = YES;
				CODE_SIGN_IDENTITY = "iPhone Developer";
				COPY_PHASE_STRIP = NO;
				DEBUG_INFORMATION_FORMAT = "dwarf-with-dsym";
				ENABLE_NS_ASSERTIONS = NO;
				ENABLE_STRICT_OBJC_MSGSEND = YES;
				GCC_C_LANGUAGE_STANDARD = gnu11;
				GCC_NO_COMMON_BLOCKS = YES;
				GCC_WARN_64_TO_32_BIT_CONVERSION = YES;
				GCC_WARN_ABOUT_RETURN_TYPE = YES_ERROR;
				GCC_WARN_UNDECLARED_SELECTOR = YES;
				GCC_WARN_UNINITIALIZED_AUTOS = YES_AGGRESSIVE;
				GCC_WARN_UNUSED_FUNCTION = YES;
				GCC_WARN_UNUSED_VARIABLE = YES;
				IPHONEOS_DEPLOYMENT_TARGET = 11.2;
				MTL_ENABLE_DEBUG_INFO = NO;
				SDKROOT = iphoneos;
				SWIFT_OPTIMIZATION_LEVEL = "-Owholemodule";
				VALIDATE_PRODUCT = YES;
			};
			name = Release;
		};
		21FDC1F3204D462F00A015EB /* Debug */ = {
			isa = XCBuildConfiguration;
			buildSettings = {
				ASSETCATALOG_COMPILER_APPICON_NAME = AppIcon;
				CODE_SIGN_STYLE = Automatic;
				DEVELOPMENT_TEAM = 5UJXZ3RWHA;
				INFOPLIST_FILE = dragToDeleteCan/Info.plist;
				LD_RUNPATH_SEARCH_PATHS = "$(inherited) @executable_path/Frameworks";
				PRODUCT_BUNDLE_IDENTIFIER = me.aeid.dragToDeleteCan;
				PRODUCT_NAME = "$(TARGET_NAME)";
				SWIFT_VERSION = 4.0;
				TARGETED_DEVICE_FAMILY = "1,2";
			};
			name = Debug;
		};
		21FDC1F4204D462F00A015EB /* Release */ = {
			isa = XCBuildConfiguration;
			buildSettings = {
				ASSETCATALOG_COMPILER_APPICON_NAME = AppIcon;
				CODE_SIGN_STYLE = Automatic;
				DEVELOPMENT_TEAM = 5UJXZ3RWHA;
				INFOPLIST_FILE = dragToDeleteCan/Info.plist;
				LD_RUNPATH_SEARCH_PATHS = "$(inherited) @executable_path/Frameworks";
				PRODUCT_BUNDLE_IDENTIFIER = me.aeid.dragToDeleteCan;
				PRODUCT_NAME = "$(TARGET_NAME)";
				SWIFT_VERSION = 4.0;
				TARGETED_DEVICE_FAMILY = "1,2";
			};
			name = Release;
		};
/* End XCBuildConfiguration section */

/* Begin XCConfigurationList section */
		21FDC1DB204D462C00A015EB /* Build configuration list for PBXProject "dragToDeleteCan" */ = {
			isa = XCConfigurationList;
			buildConfigurations = (
				21FDC1F0204D462F00A015EB /* Debug */,
				21FDC1F1204D462F00A015EB /* Release */,
			);
			defaultConfigurationIsVisible = 0;
			defaultConfigurationName = Release;
		};
		21FDC1F2204D462F00A015EB /* Build configuration list for PBXNativeTarget "dragToDeleteCan" */ = {
			isa = XCConfigurationList;
			buildConfigurations = (
				21FDC1F3204D462F00A015EB /* Debug */,
				21FDC1F4204D462F00A015EB /* Release */,
			);
			defaultConfigurationIsVisible = 0;
			defaultConfigurationName = Release;
		};
/* End XCConfigurationList section */
	};
	rootObject = 21FDC1D8204D462C00A015EB /* Project object */;
}
